// !$*UTF8*$!
{
	archiveVersion = 1;
	classes = {
	};
	objectVersion = 46;
	objects = {

/* Begin PBXBuildFile section */
		15E50DC015AD4AAB0076918A /* DomoAregato.ttf in Resources */ = {isa = PBXBuildFile; fileRef = 15E50DBF15AD4AAB0076918A /* DomoAregato.ttf */; };
		6F052DDD15B1D75A0012C456 /* Firework.plist in Resources */ = {isa = PBXBuildFile; fileRef = 6F052DDB15B1D75A0012C456 /* Firework.plist */; };
		6F052DDE15B1D75A0012C456 /* Firework.png in Resources */ = {isa = PBXBuildFile; fileRef = 6F052DDC15B1D75A0012C456 /* Firework.png */; };
		6F052DE015B1D7F00012C456 /* Hill.png in Resources */ = {isa = PBXBuildFile; fileRef = 6F052DDF15B1D7F00012C456 /* Hill.png */; };
		6F052DE615B1E1790012C456 /* Tree.png in Resources */ = {isa = PBXBuildFile; fileRef = 6F052DE515B1E1790012C456 /* Tree.png */; };
		6F0E1B3F15AA945200F23670 /* GameOver.m in Sources */ = {isa = PBXBuildFile; fileRef = 6F0E1B3E15AA945200F23670 /* GameOver.m */; };
		6F4B149715B1CF7F0088ADFE /* Default.png in Resources */ = {isa = PBXBuildFile; fileRef = 6F4B149615B1CF7F0088ADFE /* Default.png */; };
		6F994F7B15ABCEDD00BE85DF /* Button.png in Resources */ = {isa = PBXBuildFile; fileRef = 6F994F7A15ABCEDD00BE85DF /* Button.png */; };
		6FB58E2815A8A97A0017825F /* GameLayer.m in Sources */ = {isa = PBXBuildFile; fileRef = 6FB58E2715A8A97A0017825F /* GameLayer.m */; };
		6FB58E2C15A8A9890017825F /* Ninja.m in Sources */ = {isa = PBXBuildFile; fileRef = 6FB58E2B15A8A9890017825F /* Ninja.m */; };
		6FB58E2F15A8A9900017825F /* Firework.m in Sources */ = {isa = PBXBuildFile; fileRef = 6FB58E2E15A8A9900017825F /* Firework.m */; };
		6FB58E3E15A8AA9D0017825F /* Ninja.plist in Resources */ = {isa = PBXBuildFile; fileRef = 6FB58E3C15A8AA9D0017825F /* Ninja.plist */; };
		6FB58E3F15A8AA9D0017825F /* Ninja.png in Resources */ = {isa = PBXBuildFile; fileRef = 6FB58E3D15A8AA9D0017825F /* Ninja.png */; };
		6FE3182815B5129600118870 /* epic.mp3 in Resources */ = {isa = PBXBuildFile; fileRef = 6FE3182715B5129600118870 /* epic.mp3 */; };
		6FE3182A15B5131C00118870 /* 135_short_day-of-reckoning_0034.mp3 in Resources */ = {isa = PBXBuildFile; fileRef = 6FE3182915B5131C00118870 /* 135_short_day-of-reckoning_0034.mp3 */; };
		6FF267E815A50E1300923A0E /* QuartzCore.framework in Frameworks */ = {isa = PBXBuildFile; fileRef = 6FF267E715A50E1300923A0E /* QuartzCore.framework */; };
		6FF267EA15A50E1300923A0E /* OpenGLES.framework in Frameworks */ = {isa = PBXBuildFile; fileRef = 6FF267E915A50E1300923A0E /* OpenGLES.framework */; };
		6FF267EC15A50E1300923A0E /* OpenAL.framework in Frameworks */ = {isa = PBXBuildFile; fileRef = 6FF267EB15A50E1300923A0E /* OpenAL.framework */; };
		6FF267EE15A50E1300923A0E /* AudioToolbox.framework in Frameworks */ = {isa = PBXBuildFile; fileRef = 6FF267ED15A50E1300923A0E /* AudioToolbox.framework */; };
		6FF267F015A50E1300923A0E /* AVFoundation.framework in Frameworks */ = {isa = PBXBuildFile; fileRef = 6FF267EF15A50E1300923A0E /* AVFoundation.framework */; };
		6FF267F215A50E1300923A0E /* UIKit.framework in Frameworks */ = {isa = PBXBuildFile; fileRef = 6FF267F115A50E1300923A0E /* UIKit.framework */; };
		6FF267F415A50E1300923A0E /* Foundation.framework in Frameworks */ = {isa = PBXBuildFile; fileRef = 6FF267F315A50E1300923A0E /* Foundation.framework */; };
		6FF267F615A50E1300923A0E /* CoreGraphics.framework in Frameworks */ = {isa = PBXBuildFile; fileRef = 6FF267F515A50E1300923A0E /* CoreGraphics.framework */; };
		6FF267F815A50E1300923A0E /* GameKit.framework in Frameworks */ = {isa = PBXBuildFile; fileRef = 6FF267F715A50E1300923A0E /* GameKit.framework */; };
		6FF267FE15A50E1300923A0E /* fps_images.png in Resources */ = {isa = PBXBuildFile; fileRef = 6FF267FD15A50E1300923A0E /* fps_images.png */; };
		6FF2680015A50E1300923A0E /* fps_images-hd.png in Resources */ = {isa = PBXBuildFile; fileRef = 6FF267FF15A50E1300923A0E /* fps_images-hd.png */; };
		6FF2680215A50E1300923A0E /* fps_images-ipadhd.png in Resources */ = {isa = PBXBuildFile; fileRef = 6FF2680115A50E1300923A0E /* fps_images-ipadhd.png */; };
		6FF2680415A50E1300923A0E /* Icon-72.png in Resources */ = {isa = PBXBuildFile; fileRef = 6FF2680315A50E1300923A0E /* Icon-72.png */; };
		6FF2680615A50E1300923A0E /* Icon-Small-50.png in Resources */ = {isa = PBXBuildFile; fileRef = 6FF2680515A50E1300923A0E /* Icon-Small-50.png */; };
		6FF2680815A50E1300923A0E /* Icon-Small.png in Resources */ = {isa = PBXBuildFile; fileRef = 6FF2680715A50E1300923A0E /* Icon-Small.png */; };
		6FF2680A15A50E1300923A0E /* Icon-Small@2x.png in Resources */ = {isa = PBXBuildFile; fileRef = 6FF2680915A50E1300923A0E /* Icon-Small@2x.png */; };
		6FF2680C15A50E1300923A0E /* Icon.png in Resources */ = {isa = PBXBuildFile; fileRef = 6FF2680B15A50E1300923A0E /* Icon.png */; };
		6FF2680E15A50E1300923A0E /* Icon@2x.png in Resources */ = {isa = PBXBuildFile; fileRef = 6FF2680D15A50E1300923A0E /* Icon@2x.png */; };
		6FF2681115A50E1300923A0E /* iTunesArtwork in Resources */ = {isa = PBXBuildFile; fileRef = 6FF2681015A50E1300923A0E /* iTunesArtwork */; };
		6FF2696E15A50E1500923A0E /* main.m in Sources */ = {isa = PBXBuildFile; fileRef = 6FF2696D15A50E1500923A0E /* main.m */; };
		6FF2697115A50E1500923A0E /* AppDelegate.m in Sources */ = {isa = PBXBuildFile; fileRef = 6FF2697015A50E1500923A0E /* AppDelegate.m */; };
		6FF2697415A50E1500923A0E /* HelloWorldLayer.m in Sources */ = {isa = PBXBuildFile; fileRef = 6FF2697315A50E1500923A0E /* HelloWorldLayer.m */; };
		77922293EF474EF2B3535449 /* libPods.a in Frameworks */ = {isa = PBXBuildFile; fileRef = E5AF303FF41A4AC49663EB1C /* libPods.a */; };
/* End PBXBuildFile section */

/* Begin PBXFileReference section */
		15E50DBF15AD4AAB0076918A /* DomoAregato.ttf */ = {isa = PBXFileReference; lastKnownFileType = file; path = DomoAregato.ttf; sourceTree = "<group>"; };
		6F052DDB15B1D75A0012C456 /* Firework.plist */ = {isa = PBXFileReference; fileEncoding = 4; lastKnownFileType = text.plist.xml; path = Firework.plist; sourceTree = "<group>"; };
		6F052DDC15B1D75A0012C456 /* Firework.png */ = {isa = PBXFileReference; lastKnownFileType = image.png; path = Firework.png; sourceTree = "<group>"; };
		6F052DDF15B1D7F00012C456 /* Hill.png */ = {isa = PBXFileReference; lastKnownFileType = image.png; path = Hill.png; sourceTree = "<group>"; };
		6F052DE515B1E1790012C456 /* Tree.png */ = {isa = PBXFileReference; lastKnownFileType = image.png; path = Tree.png; sourceTree = "<group>"; };
		6F0E1B3D15AA945200F23670 /* GameOver.h */ = {isa = PBXFileReference; fileEncoding = 4; lastKnownFileType = sourcecode.c.h; path = GameOver.h; sourceTree = "<group>"; };
		6F0E1B3E15AA945200F23670 /* GameOver.m */ = {isa = PBXFileReference; fileEncoding = 4; lastKnownFileType = sourcecode.c.objc; path = GameOver.m; sourceTree = "<group>"; };
		6F4B149615B1CF7F0088ADFE /* Default.png */ = {isa = PBXFileReference; lastKnownFileType = image.png; path = Default.png; sourceTree = "<group>"; };
		6F994F7A15ABCEDD00BE85DF /* Button.png */ = {isa = PBXFileReference; lastKnownFileType = image.png; path = Button.png; sourceTree = "<group>"; };
		6FB58E2615A8A97A0017825F /* GameLayer.h */ = {isa = PBXFileReference; fileEncoding = 4; lastKnownFileType = sourcecode.c.h; path = GameLayer.h; sourceTree = "<group>"; };
		6FB58E2715A8A97A0017825F /* GameLayer.m */ = {isa = PBXFileReference; fileEncoding = 4; lastKnownFileType = sourcecode.c.objc; path = GameLayer.m; sourceTree = "<group>"; };
		6FB58E2A15A8A9890017825F /* Ninja.h */ = {isa = PBXFileReference; fileEncoding = 4; lastKnownFileType = sourcecode.c.h; path = Ninja.h; sourceTree = "<group>"; };
		6FB58E2B15A8A9890017825F /* Ninja.m */ = {isa = PBXFileReference; fileEncoding = 4; lastKnownFileType = sourcecode.c.objc; path = Ninja.m; sourceTree = "<group>"; };
		6FB58E2D15A8A9900017825F /* Firework.h */ = {isa = PBXFileReference; fileEncoding = 4; lastKnownFileType = sourcecode.c.h; path = Firework.h; sourceTree = "<group>"; };
		6FB58E2E15A8A9900017825F /* Firework.m */ = {isa = PBXFileReference; fileEncoding = 4; lastKnownFileType = sourcecode.c.objc; path = Firework.m; sourceTree = "<group>"; };
		6FB58E3C15A8AA9D0017825F /* Ninja.plist */ = {isa = PBXFileReference; fileEncoding = 4; lastKnownFileType = text.plist.xml; path = Ninja.plist; sourceTree = "<group>"; };
		6FB58E3D15A8AA9D0017825F /* Ninja.png */ = {isa = PBXFileReference; lastKnownFileType = image.png; path = Ninja.png; sourceTree = "<group>"; };
		6FE3182715B5129600118870 /* epic.mp3 */ = {isa = PBXFileReference; lastKnownFileType = audio.mp3; path = epic.mp3; sourceTree = "<group>"; };
		6FE3182915B5131C00118870 /* 135_short_day-of-reckoning_0034.mp3 */ = {isa = PBXFileReference; lastKnownFileType = audio.mp3; path = "135_short_day-of-reckoning_0034.mp3"; sourceTree = "<group>"; };
		6FF267E315A50E1300923A0E /* Click Ninja.app */ = {isa = PBXFileReference; explicitFileType = wrapper.application; includeInIndex = 0; path = "Click Ninja.app"; sourceTree = BUILT_PRODUCTS_DIR; };
		6FF267E715A50E1300923A0E /* QuartzCore.framework */ = {isa = PBXFileReference; lastKnownFileType = wrapper.framework; name = QuartzCore.framework; path = System/Library/Frameworks/QuartzCore.framework; sourceTree = SDKROOT; };
		6FF267E915A50E1300923A0E /* OpenGLES.framework */ = {isa = PBXFileReference; lastKnownFileType = wrapper.framework; name = OpenGLES.framework; path = System/Library/Frameworks/OpenGLES.framework; sourceTree = SDKROOT; };
		6FF267EB15A50E1300923A0E /* OpenAL.framework */ = {isa = PBXFileReference; lastKnownFileType = wrapper.framework; name = OpenAL.framework; path = System/Library/Frameworks/OpenAL.framework; sourceTree = SDKROOT; };
		6FF267ED15A50E1300923A0E /* AudioToolbox.framework */ = {isa = PBXFileReference; lastKnownFileType = wrapper.framework; name = AudioToolbox.framework; path = System/Library/Frameworks/AudioToolbox.framework; sourceTree = SDKROOT; };
		6FF267EF15A50E1300923A0E /* AVFoundation.framework */ = {isa = PBXFileReference; lastKnownFileType = wrapper.framework; name = AVFoundation.framework; path = System/Library/Frameworks/AVFoundation.framework; sourceTree = SDKROOT; };
		6FF267F115A50E1300923A0E /* UIKit.framework */ = {isa = PBXFileReference; lastKnownFileType = wrapper.framework; name = UIKit.framework; path = System/Library/Frameworks/UIKit.framework; sourceTree = SDKROOT; };
		6FF267F315A50E1300923A0E /* Foundation.framework */ = {isa = PBXFileReference; lastKnownFileType = wrapper.framework; name = Foundation.framework; path = System/Library/Frameworks/Foundation.framework; sourceTree = SDKROOT; };
		6FF267F515A50E1300923A0E /* CoreGraphics.framework */ = {isa = PBXFileReference; lastKnownFileType = wrapper.framework; name = CoreGraphics.framework; path = System/Library/Frameworks/CoreGraphics.framework; sourceTree = SDKROOT; };
		6FF267F715A50E1300923A0E /* GameKit.framework */ = {isa = PBXFileReference; lastKnownFileType = wrapper.framework; name = GameKit.framework; path = System/Library/Frameworks/GameKit.framework; sourceTree = SDKROOT; };
		6FF267FD15A50E1300923A0E /* fps_images.png */ = {isa = PBXFileReference; lastKnownFileType = image.png; name = fps_images.png; path = Resources/fps_images.png; sourceTree = "<group>"; };
		6FF267FF15A50E1300923A0E /* fps_images-hd.png */ = {isa = PBXFileReference; lastKnownFileType = image.png; name = "fps_images-hd.png"; path = "Resources/fps_images-hd.png"; sourceTree = "<group>"; };
		6FF2680115A50E1300923A0E /* fps_images-ipadhd.png */ = {isa = PBXFileReference; lastKnownFileType = image.png; name = "fps_images-ipadhd.png"; path = "Resources/fps_images-ipadhd.png"; sourceTree = "<group>"; };
		6FF2680315A50E1300923A0E /* Icon-72.png */ = {isa = PBXFileReference; lastKnownFileType = image.png; name = "Icon-72.png"; path = "Resources/Icon-72.png"; sourceTree = "<group>"; };
		6FF2680515A50E1300923A0E /* Icon-Small-50.png */ = {isa = PBXFileReference; lastKnownFileType = image.png; name = "Icon-Small-50.png"; path = "Resources/Icon-Small-50.png"; sourceTree = "<group>"; };
		6FF2680715A50E1300923A0E /* Icon-Small.png */ = {isa = PBXFileReference; lastKnownFileType = image.png; name = "Icon-Small.png"; path = "Resources/Icon-Small.png"; sourceTree = "<group>"; };
		6FF2680915A50E1300923A0E /* Icon-Small@2x.png */ = {isa = PBXFileReference; lastKnownFileType = image.png; name = "Icon-Small@2x.png"; path = "Resources/Icon-Small@2x.png"; sourceTree = "<group>"; };
		6FF2680B15A50E1300923A0E /* Icon.png */ = {isa = PBXFileReference; lastKnownFileType = image.png; name = Icon.png; path = Resources/Icon.png; sourceTree = "<group>"; };
		6FF2680D15A50E1300923A0E /* Icon@2x.png */ = {isa = PBXFileReference; lastKnownFileType = image.png; name = "Icon@2x.png"; path = "Resources/Icon@2x.png"; sourceTree = "<group>"; };
		6FF2680F15A50E1300923A0E /* Info.plist */ = {isa = PBXFileReference; lastKnownFileType = text.plist.xml; name = Info.plist; path = Resources/Info.plist; sourceTree = "<group>"; };
		6FF2681015A50E1300923A0E /* iTunesArtwork */ = {isa = PBXFileReference; lastKnownFileType = file; name = iTunesArtwork; path = Resources/iTunesArtwork; sourceTree = "<group>"; };
		6FF2696C15A50E1500923A0E /* Prefix.pch */ = {isa = PBXFileReference; lastKnownFileType = sourcecode.c.h; path = Prefix.pch; sourceTree = "<group>"; };
		6FF2696D15A50E1500923A0E /* main.m */ = {isa = PBXFileReference; lastKnownFileType = sourcecode.c.objc; path = main.m; sourceTree = "<group>"; };
		6FF2696F15A50E1500923A0E /* AppDelegate.h */ = {isa = PBXFileReference; lastKnownFileType = sourcecode.c.h; path = AppDelegate.h; sourceTree = "<group>"; };
		6FF2697015A50E1500923A0E /* AppDelegate.m */ = {isa = PBXFileReference; lastKnownFileType = sourcecode.c.objc; path = AppDelegate.m; sourceTree = "<group>"; };
		6FF2697215A50E1500923A0E /* HelloWorldLayer.h */ = {isa = PBXFileReference; lastKnownFileType = sourcecode.c.h; path = HelloWorldLayer.h; sourceTree = "<group>"; };
		6FF2697315A50E1500923A0E /* HelloWorldLayer.m */ = {isa = PBXFileReference; lastKnownFileType = sourcecode.c.objc; path = HelloWorldLayer.m; sourceTree = "<group>"; };
		864D31E1C2AC4B91A43F718D /* Pods.xcconfig */ = {isa = PBXFileReference; includeInIndex = 1; lastKnownFileType = text.xcconfig; name = Pods.xcconfig; path = Pods/Pods.xcconfig; sourceTree = SOURCE_ROOT; };
		E5AF303FF41A4AC49663EB1C /* libPods.a */ = {isa = PBXFileReference; explicitFileType = archive.ar; includeInIndex = 0; path = libPods.a; sourceTree = BUILT_PRODUCTS_DIR; };
/* End PBXFileReference section */

/* Begin PBXFrameworksBuildPhase section */
		6FF267E015A50E1300923A0E /* Frameworks */ = {
			isa = PBXFrameworksBuildPhase;
			buildActionMask = 2147483647;
			files = (
				6FF267E815A50E1300923A0E /* QuartzCore.framework in Frameworks */,
				6FF267EA15A50E1300923A0E /* OpenGLES.framework in Frameworks */,
				6FF267EC15A50E1300923A0E /* OpenAL.framework in Frameworks */,
				6FF267EE15A50E1300923A0E /* AudioToolbox.framework in Frameworks */,
				6FF267F015A50E1300923A0E /* AVFoundation.framework in Frameworks */,
				6FF267F215A50E1300923A0E /* UIKit.framework in Frameworks */,
				6FF267F415A50E1300923A0E /* Foundation.framework in Frameworks */,
				6FF267F615A50E1300923A0E /* CoreGraphics.framework in Frameworks */,
				6FF267F815A50E1300923A0E /* GameKit.framework in Frameworks */,
				77922293EF474EF2B3535449 /* libPods.a in Frameworks */,
			);
			runOnlyForDeploymentPostprocessing = 0;
		};
/* End PBXFrameworksBuildPhase section */

/* Begin PBXGroup section */
		6FF267D815A50E1300923A0E = {
			isa = PBXGroup;
			children = (
				6FF267F915A50E1300923A0E /* Click Ninja */,
				6FF267E615A50E1300923A0E /* Frameworks */,
				6FF267E415A50E1300923A0E /* Products */,
				864D31E1C2AC4B91A43F718D /* Pods.xcconfig */,
			);
			sourceTree = "<group>";
		};
		6FF267E415A50E1300923A0E /* Products */ = {
			isa = PBXGroup;
			children = (
				6FF267E315A50E1300923A0E /* Click Ninja.app */,
			);
			name = Products;
			sourceTree = "<group>";
		};
		6FF267E615A50E1300923A0E /* Frameworks */ = {
			isa = PBXGroup;
			children = (
				6FF267E715A50E1300923A0E /* QuartzCore.framework */,
				6FF267E915A50E1300923A0E /* OpenGLES.framework */,
				6FF267EB15A50E1300923A0E /* OpenAL.framework */,
				6FF267ED15A50E1300923A0E /* AudioToolbox.framework */,
				6FF267EF15A50E1300923A0E /* AVFoundation.framework */,
				6FF267F115A50E1300923A0E /* UIKit.framework */,
				6FF267F315A50E1300923A0E /* Foundation.framework */,
				6FF267F515A50E1300923A0E /* CoreGraphics.framework */,
				6FF267F715A50E1300923A0E /* GameKit.framework */,
				E5AF303FF41A4AC49663EB1C /* libPods.a */,
			);
			name = Frameworks;
			sourceTree = "<group>";
		};
		6FF267F915A50E1300923A0E /* Click Ninja */ = {
			isa = PBXGroup;
			children = (
				6FF2696F15A50E1500923A0E /* AppDelegate.h */,
				6FF2697015A50E1500923A0E /* AppDelegate.m */,
				6FF2697215A50E1500923A0E /* HelloWorldLayer.h */,
				6FF2697315A50E1500923A0E /* HelloWorldLayer.m */,
				6FB58E2615A8A97A0017825F /* GameLayer.h */,
				6FB58E2715A8A97A0017825F /* GameLayer.m */,
				6F0E1B3D15AA945200F23670 /* GameOver.h */,
				6F0E1B3E15AA945200F23670 /* GameOver.m */,
				6FB58E2A15A8A9890017825F /* Ninja.h */,
				6FB58E2B15A8A9890017825F /* Ninja.m */,
				6FB58E2D15A8A9900017825F /* Firework.h */,
				6FB58E2E15A8A9900017825F /* Firework.m */,
				6F052DDB15B1D75A0012C456 /* Firework.plist */,
				6F052DDC15B1D75A0012C456 /* Firework.png */,
				6FB58E3C15A8AA9D0017825F /* Ninja.plist */,
				6FB58E3D15A8AA9D0017825F /* Ninja.png */,
				6F994F7A15ABCEDD00BE85DF /* Button.png */,
				6F052DDF15B1D7F00012C456 /* Hill.png */,
				6F052DE515B1E1790012C456 /* Tree.png */,
				6FE3182715B5129600118870 /* epic.mp3 */,
				6FE3182915B5131C00118870 /* 135_short_day-of-reckoning_0034.mp3 */,
				6FF267FA15A50E1300923A0E /* Resources */,
				6FF2696B15A50E1500923A0E /* Supporting Files */,
			);
			path = "Click Ninja";
			sourceTree = "<group>";
		};
		6FF267FA15A50E1300923A0E /* Resources */ = {
			isa = PBXGroup;
			children = (
				15E50DBF15AD4AAB0076918A /* DomoAregato.ttf */,
				6F4B149615B1CF7F0088ADFE /* Default.png */,
				6FF267FD15A50E1300923A0E /* fps_images.png */,
				6FF267FF15A50E1300923A0E /* fps_images-hd.png */,
				6FF2680115A50E1300923A0E /* fps_images-ipadhd.png */,
				6FF2680315A50E1300923A0E /* Icon-72.png */,
				6FF2680515A50E1300923A0E /* Icon-Small-50.png */,
				6FF2680715A50E1300923A0E /* Icon-Small.png */,
				6FF2680915A50E1300923A0E /* Icon-Small@2x.png */,
				6FF2680B15A50E1300923A0E /* Icon.png */,
				6FF2680D15A50E1300923A0E /* Icon@2x.png */,
				6FF2680F15A50E1300923A0E /* Info.plist */,
				6FF2681015A50E1300923A0E /* iTunesArtwork */,
			);
			name = Resources;
			sourceTree = "<group>";
		};
		6FF2696B15A50E1500923A0E /* Supporting Files */ = {
			isa = PBXGroup;
			children = (
				6FF2696C15A50E1500923A0E /* Prefix.pch */,
				6FF2696D15A50E1500923A0E /* main.m */,
			);
			name = "Supporting Files";
			sourceTree = "<group>";
		};
/* End PBXGroup section */

/* Begin PBXNativeTarget section */
		6FF267E215A50E1300923A0E /* Click Ninja */ = {
			isa = PBXNativeTarget;
			buildConfigurationList = 6FF2697715A50E1500923A0E /* Build configuration list for PBXNativeTarget "Click Ninja" */;
			buildPhases = (
				F9CBBF9DD5FC47E488336059 /* Check Pods Manifest.lock */,
				6FF267DF15A50E1300923A0E /* Sources */,
				6FF267E015A50E1300923A0E /* Frameworks */,
				6FF267E115A50E1300923A0E /* Resources */,
				DD087E61A86A477295FE8D8E /* Copy Pods Resources */,
			);
			buildRules = (
			);
			dependencies = (
			);
			name = "Click Ninja";
			productName = "Click Ninja";
			productReference = 6FF267E315A50E1300923A0E /* Click Ninja.app */;
			productType = "com.apple.product-type.application";
		};
/* End PBXNativeTarget section */

/* Begin PBXProject section */
		6FF267DA15A50E1300923A0E /* Project object */ = {
			isa = PBXProject;
			attributes = {
				LastUpgradeCheck = 0430;
			};
			buildConfigurationList = 6FF267DD15A50E1300923A0E /* Build configuration list for PBXProject "Click Ninja" */;
			compatibilityVersion = "Xcode 3.2";
			developmentRegion = English;
			hasScannedForEncodings = 0;
			knownRegions = (
				en,
			);
			mainGroup = 6FF267D815A50E1300923A0E;
			productRefGroup = 6FF267E415A50E1300923A0E /* Products */;
			projectDirPath = "";
			projectRoot = "";
			targets = (
				6FF267E215A50E1300923A0E /* Click Ninja */,
			);
		};
/* End PBXProject section */

/* Begin PBXResourcesBuildPhase section */
		6FF267E115A50E1300923A0E /* Resources */ = {
			isa = PBXResourcesBuildPhase;
			buildActionMask = 2147483647;
			files = (
				6FF267FE15A50E1300923A0E /* fps_images.png in Resources */,
				6FF2680015A50E1300923A0E /* fps_images-hd.png in Resources */,
				6FF2680215A50E1300923A0E /* fps_images-ipadhd.png in Resources */,
				6FF2680415A50E1300923A0E /* Icon-72.png in Resources */,
				6FF2680615A50E1300923A0E /* Icon-Small-50.png in Resources */,
				6FF2680815A50E1300923A0E /* Icon-Small.png in Resources */,
				6FF2680A15A50E1300923A0E /* Icon-Small@2x.png in Resources */,
				6FF2680C15A50E1300923A0E /* Icon.png in Resources */,
				6FF2680E15A50E1300923A0E /* Icon@2x.png in Resources */,
				6FF2681115A50E1300923A0E /* iTunesArtwork in Resources */,
				6FB58E3E15A8AA9D0017825F /* Ninja.plist in Resources */,
				6FB58E3F15A8AA9D0017825F /* Ninja.png in Resources */,
				6F994F7B15ABCEDD00BE85DF /* Button.png in Resources */,
				15E50DC015AD4AAB0076918A /* DomoAregato.ttf in Resources */,
				6F4B149715B1CF7F0088ADFE /* Default.png in Resources */,
				6F052DDD15B1D75A0012C456 /* Firework.plist in Resources */,
				6F052DDE15B1D75A0012C456 /* Firework.png in Resources */,
				6F052DE015B1D7F00012C456 /* Hill.png in Resources */,
				6F052DE615B1E1790012C456 /* Tree.png in Resources */,
				6FE3182815B5129600118870 /* epic.mp3 in Resources */,
				6FE3182A15B5131C00118870 /* 135_short_day-of-reckoning_0034.mp3 in Resources */,
			);
			runOnlyForDeploymentPostprocessing = 0;
		};
/* End PBXResourcesBuildPhase section */

/* Begin PBXShellScriptBuildPhase section */
		DD087E61A86A477295FE8D8E /* Copy Pods Resources */ = {
			isa = PBXShellScriptBuildPhase;
			buildActionMask = 2147483647;
			files = (
			);
			inputPaths = (
			);
			name = "Copy Pods Resources";
			outputPaths = (
			);
			runOnlyForDeploymentPostprocessing = 0;
			shellPath = /bin/sh;
			shellScript = "\"${SRCROOT}/Pods/Pods-resources.sh\"\n";
		};
		F9CBBF9DD5FC47E488336059 /* Check Pods Manifest.lock */ = {
			isa = PBXShellScriptBuildPhase;
			buildActionMask = 2147483647;
			files = (
			);
			inputPaths = (
			);
			name = "Check Pods Manifest.lock";
			outputPaths = (
			);
			runOnlyForDeploymentPostprocessing = 0;
			shellPath = /bin/sh;
			shellScript = "diff \"${PODS_ROOT}/../Podfile.lock\" \"${PODS_ROOT}/Manifest.lock\" > /dev/null\nif [[ $? != 0 ]] ; then\n    cat << EOM\nerror: The sandbox is not in sync with the Podfile.lock. Run 'pod install' or update your CocoaPods installation.\nEOM\n    exit 1\nfi\n";
		};
/* End PBXShellScriptBuildPhase section */

/* Begin PBXSourcesBuildPhase section */
		6FF267DF15A50E1300923A0E /* Sources */ = {
			isa = PBXSourcesBuildPhase;
			buildActionMask = 2147483647;
			files = (
				6FF2696E15A50E1500923A0E /* main.m in Sources */,
				6FF2697115A50E1500923A0E /* AppDelegate.m in Sources */,
				6FF2697415A50E1500923A0E /* HelloWorldLayer.m in Sources */,
				6FB58E2815A8A97A0017825F /* GameLayer.m in Sources */,
				6FB58E2C15A8A9890017825F /* Ninja.m in Sources */,
				6FB58E2F15A8A9900017825F /* Firework.m in Sources */,
				6F0E1B3F15AA945200F23670 /* GameOver.m in Sources */,
			);
			runOnlyForDeploymentPostprocessing = 0;
		};
/* End PBXSourcesBuildPhase section */

/* Begin XCBuildConfiguration section */
		6FF2697515A50E1500923A0E /* Debug */ = {
			isa = XCBuildConfiguration;
			buildSettings = {
				ALWAYS_SEARCH_USER_PATHS = "$(inherited)";
				ARCHS = "$(ARCHS_STANDARD_32_BIT)";
				"CODE_SIGN_IDENTITY[sdk=iphoneos*]" = "iPhone Developer";
				GCC_C_LANGUAGE_STANDARD = gnu99;
				GCC_OPTIMIZATION_LEVEL = 0;
				GCC_PREPROCESSOR_DEFINITIONS = (
					DEBUG,
					"COCOS2D_DEBUG=1",
				);
				GCC_SYMBOLS_PRIVATE_EXTERN = NO;
				GCC_VERSION = com.apple.compilers.llvm.clang.1_0;
				GCC_WARN_ABOUT_RETURN_TYPE = YES;
				GCC_WARN_UNUSED_VARIABLE = YES;
				IPHONEOS_DEPLOYMENT_TARGET = 4.0;
				OTHER_LDFLAGS = "$(inherited)";
				SDKROOT = iphoneos;
				TARGETED_DEVICE_FAMILY = "1,2";
			};
			name = Debug;
		};
		6FF2697615A50E1500923A0E /* Release */ = {
			isa = XCBuildConfiguration;
			buildSettings = {
				ALWAYS_SEARCH_USER_PATHS = "$(inherited)";
				ARCHS = "$(ARCHS_STANDARD_32_BIT)";
				"CODE_SIGN_IDENTITY[sdk=iphoneos*]" = "iPhone Developer";
				GCC_C_LANGUAGE_STANDARD = gnu99;
				GCC_PREPROCESSOR_DEFINITIONS = (
					NDEBUG,
					"NS_BLOCK_ASSERTIONS=1",
				);
				GCC_VERSION = com.apple.compilers.llvm.clang.1_0;
				GCC_WARN_ABOUT_RETURN_TYPE = YES;
				GCC_WARN_UNUSED_VARIABLE = YES;
				IPHONEOS_DEPLOYMENT_TARGET = 4.0;
				OTHER_LDFLAGS = "$(inherited)";
				SDKROOT = iphoneos;
				TARGETED_DEVICE_FAMILY = "1,2";
			};
			name = Release;
		};
		6FF2697815A50E1500923A0E /* Debug */ = {
			isa = XCBuildConfiguration;
			baseConfigurationReference = 864D31E1C2AC4B91A43F718D /* Pods.xcconfig */;
			buildSettings = {
				ALWAYS_SEARCH_USER_PATHS = "$(inherited)";
				COPY_PHASE_STRIP = NO;
				GCC_DYNAMIC_NO_PIC = NO;
				GCC_PRECOMPILE_PREFIX_HEADER = YES;
				GCC_PREFIX_HEADER = "Click Ninja/Prefix.pch";
				HEADER_SEARCH_PATHS = "$(inherited)/**";
				INFOPLIST_FILE = "Click Ninja/Resources/Info.plist";
				OTHER_LDFLAGS = "$(inherited)";
				PRODUCT_NAME = "$(TARGET_NAME)";
				TARGETED_DEVICE_FAMILY = 1;
				WRAPPER_EXTENSION = app;
			};
			name = Debug;
		};
		6FF2697915A50E1500923A0E /* Release */ = {
			isa = XCBuildConfiguration;
			baseConfigurationReference = 864D31E1C2AC4B91A43F718D /* Pods.xcconfig */;
			buildSettings = {
				ALWAYS_SEARCH_USER_PATHS = "$(inherited)";
				COPY_PHASE_STRIP = YES;
				GCC_PRECOMPILE_PREFIX_HEADER = YES;
				GCC_PREFIX_HEADER = "Click Ninja/Prefix.pch";
				HEADER_SEARCH_PATHS = "$(inherited)/**";
				INFOPLIST_FILE = "Click Ninja/Resources/Info.plist";
				OTHER_LDFLAGS = "$(inherited)";
				PRODUCT_NAME = "$(TARGET_NAME)";
				TARGETED_DEVICE_FAMILY = 1;
				VALIDATE_PRODUCT = YES;
				WRAPPER_EXTENSION = app;
			};
			name = Release;
		};
/* End XCBuildConfiguration section */

/* Begin XCConfigurationList section */
		6FF267DD15A50E1300923A0E /* Build configuration list for PBXProject "Click Ninja" */ = {
			isa = XCConfigurationList;
			buildConfigurations = (
				6FF2697515A50E1500923A0E /* Debug */,
				6FF2697615A50E1500923A0E /* Release */,
			);
			defaultConfigurationIsVisible = 0;
			defaultConfigurationName = Release;
		};
		6FF2697715A50E1500923A0E /* Build configuration list for PBXNativeTarget "Click Ninja" */ = {
			isa = XCConfigurationList;
			buildConfigurations = (
				6FF2697815A50E1500923A0E /* Debug */,
				6FF2697915A50E1500923A0E /* Release */,
			);
			defaultConfigurationIsVisible = 0;
			defaultConfigurationName = Release;
		};
/* End XCConfigurationList section */
	};
	rootObject = 6FF267DA15A50E1300923A0E /* Project object */;
}
