// !$*UTF8*$!
{
	archiveVersion = 1;
	classes = {
	};
	objectVersion = 46;
	objects = {

/* Begin PBXBuildFile section */
		15E50DC015AD4AAB0076918A /* DomoAregato.ttf in Resources */ = {isa = PBXBuildFile; fileRef = 15E50DBF15AD4AAB0076918A /* DomoAregato.ttf */; };
		6F052DDD15B1D75A0012C456 /* Firework.plist in Resources */ = {isa = PBXBuildFile; fileRef = 6F052DDB15B1D75A0012C456 /* Firework.plist */; };
		6F052DDE15B1D75A0012C456 /* Firework.png in Resources */ = {isa = PBXBuildFile; fileRef = 6F052DDC15B1D75A0012C456 /* Firework.png */; };
		6F0E1B3F15AA945200F23670 /* GameOver.m in Sources */ = {isa = PBXBuildFile; fileRef = 6F0E1B3E15AA945200F23670 /* GameOver.m */; };
		6F1024A217585DB000E5AF26 /* LargeElements-hd.plist in Resources */ = {isa = PBXBuildFile; fileRef = 6F10249E17585DB000E5AF26 /* LargeElements-hd.plist */; };
		6F1024A317585DB000E5AF26 /* LargeElements-hd.png in Resources */ = {isa = PBXBuildFile; fileRef = 6F10249F17585DB000E5AF26 /* LargeElements-hd.png */; };
		6F1024A417585DB000E5AF26 /* LargeElements.plist in Resources */ = {isa = PBXBuildFile; fileRef = 6F1024A017585DB000E5AF26 /* LargeElements.plist */; };
		6F1024A517585DB000E5AF26 /* LargeElements.png in Resources */ = {isa = PBXBuildFile; fileRef = 6F1024A117585DB000E5AF26 /* LargeElements.png */; };
		6F2CA7691759BA30008513E0 /* Default@2x.png in Resources */ = {isa = PBXBuildFile; fileRef = 6F2CA7681759BA30008513E0 /* Default@2x.png */; };
		6F38FC32175297B000772DC5 /* Fireworks-hd.plist in Resources */ = {isa = PBXBuildFile; fileRef = 6F38FC30175297AF00772DC5 /* Fireworks-hd.plist */; };
		6F38FC33175297B000772DC5 /* Fireworks-hd.png in Resources */ = {isa = PBXBuildFile; fileRef = 6F38FC31175297AF00772DC5 /* Fireworks-hd.png */; };
		6F38FC36175297D500772DC5 /* Ninja-hd.plist in Resources */ = {isa = PBXBuildFile; fileRef = 6F38FC34175297D400772DC5 /* Ninja-hd.plist */; };
		6F38FC37175297D500772DC5 /* Ninja-hd.png in Resources */ = {isa = PBXBuildFile; fileRef = 6F38FC35175297D500772DC5 /* Ninja-hd.png */; };
		6F38FC3E1752A61300772DC5 /* Menu.m in Sources */ = {isa = PBXBuildFile; fileRef = 6F38FC3D1752A61300772DC5 /* Menu.m */; };
		6F4B149715B1CF7F0088ADFE /* Default.png in Resources */ = {isa = PBXBuildFile; fileRef = 6F4B149615B1CF7F0088ADFE /* Default.png */; };
		6F62BBDD175E930E0093BA19 /* Instructions.m in Sources */ = {isa = PBXBuildFile; fileRef = 6F62BBDC175E930E0093BA19 /* Instructions.m */; };
		6F62BBDF175E94670093BA19 /* Instructions.mp3 in Resources */ = {isa = PBXBuildFile; fileRef = 6F62BBDE175E94670093BA19 /* Instructions.mp3 */; };
		6F62BBE317605BD10093BA19 /* iTunesArtwork in Resources */ = {isa = PBXBuildFile; fileRef = 6F62BBE217605BD00093BA19 /* iTunesArtwork */; };
		6F8CA234174FF640006D9CF7 /* Default-568h@2x.png in Resources */ = {isa = PBXBuildFile; fileRef = 6F8CA233174FF640006D9CF7 /* Default-568h@2x.png */; };
		6F8CA23A175009EC006D9CF7 /* Epic.mp3 in Resources */ = {isa = PBXBuildFile; fileRef = 6F8CA239175009EC006D9CF7 /* Epic.mp3 */; };
		6F8CA23C17501653006D9CF7 /* HighscoreMusic.wav in Resources */ = {isa = PBXBuildFile; fileRef = 6F8CA23B17501652006D9CF7 /* HighscoreMusic.wav */; };
		6FAE2FB917570F880065F1D9 /* Wood.plist in Resources */ = {isa = PBXBuildFile; fileRef = 6FAE2FB817570F880065F1D9 /* Wood.plist */; };
		6FAE2FBB17571B090065F1D9 /* Icon@2x.png in Resources */ = {isa = PBXBuildFile; fileRef = 6FAE2FBA17571B080065F1D9 /* Icon@2x.png */; };
		6FAE2FBD17571B0C0065F1D9 /* Icon.png in Resources */ = {isa = PBXBuildFile; fileRef = 6FAE2FBC17571B0B0065F1D9 /* Icon.png */; };
		6FAE2FC117583D1F0065F1D9 /* GameCenter.m in Sources */ = {isa = PBXBuildFile; fileRef = 6FAE2FC017583D1E0065F1D9 /* GameCenter.m */; };
		6FB58E2815A8A97A0017825F /* GameLayer.m in Sources */ = {isa = PBXBuildFile; fileRef = 6FB58E2715A8A97A0017825F /* GameLayer.m */; };
		6FB58E2C15A8A9890017825F /* Ninja.m in Sources */ = {isa = PBXBuildFile; fileRef = 6FB58E2B15A8A9890017825F /* Ninja.m */; };
		6FB58E2F15A8A9900017825F /* Firework.m in Sources */ = {isa = PBXBuildFile; fileRef = 6FB58E2E15A8A9900017825F /* Firework.m */; };
		6FB58E3E15A8AA9D0017825F /* Ninja.plist in Resources */ = {isa = PBXBuildFile; fileRef = 6FB58E3C15A8AA9D0017825F /* Ninja.plist */; };
		6FB58E3F15A8AA9D0017825F /* Ninja.png in Resources */ = {isa = PBXBuildFile; fileRef = 6FB58E3D15A8AA9D0017825F /* Ninja.png */; };
		6FEF0DD617555EE200DDD0B6 /* Menu.mp3 in Resources */ = {isa = PBXBuildFile; fileRef = 6FEF0DD517555EE200DDD0B6 /* Menu.mp3 */; };
		6FEF0DD8175562F900DDD0B6 /* Elements.png in Resources */ = {isa = PBXBuildFile; fileRef = 6FEF0DD7175562F800DDD0B6 /* Elements.png */; };
		6FEF0DDA175562FE00DDD0B6 /* Elements.plist in Resources */ = {isa = PBXBuildFile; fileRef = 6FEF0DD9175562FE00DDD0B6 /* Elements.plist */; };
		6FEF0DDD175563FF00DDD0B6 /* Elements-hd.plist in Resources */ = {isa = PBXBuildFile; fileRef = 6FEF0DDB175563FF00DDD0B6 /* Elements-hd.plist */; };
		6FEF0DDE175563FF00DDD0B6 /* Elements-hd.png in Resources */ = {isa = PBXBuildFile; fileRef = 6FEF0DDC175563FF00DDD0B6 /* Elements-hd.png */; };
		6FF267E815A50E1300923A0E /* QuartzCore.framework in Frameworks */ = {isa = PBXBuildFile; fileRef = 6FF267E715A50E1300923A0E /* QuartzCore.framework */; };
		6FF267EA15A50E1300923A0E /* OpenGLES.framework in Frameworks */ = {isa = PBXBuildFile; fileRef = 6FF267E915A50E1300923A0E /* OpenGLES.framework */; };
		6FF267EC15A50E1300923A0E /* OpenAL.framework in Frameworks */ = {isa = PBXBuildFile; fileRef = 6FF267EB15A50E1300923A0E /* OpenAL.framework */; };
		6FF267EE15A50E1300923A0E /* AudioToolbox.framework in Frameworks */ = {isa = PBXBuildFile; fileRef = 6FF267ED15A50E1300923A0E /* AudioToolbox.framework */; };
		6FF267F015A50E1300923A0E /* AVFoundation.framework in Frameworks */ = {isa = PBXBuildFile; fileRef = 6FF267EF15A50E1300923A0E /* AVFoundation.framework */; };
		6FF267F215A50E1300923A0E /* UIKit.framework in Frameworks */ = {isa = PBXBuildFile; fileRef = 6FF267F115A50E1300923A0E /* UIKit.framework */; };
		6FF267F415A50E1300923A0E /* Foundation.framework in Frameworks */ = {isa = PBXBuildFile; fileRef = 6FF267F315A50E1300923A0E /* Foundation.framework */; };
		6FF267F615A50E1300923A0E /* CoreGraphics.framework in Frameworks */ = {isa = PBXBuildFile; fileRef = 6FF267F515A50E1300923A0E /* CoreGraphics.framework */; };
		6FF267F815A50E1300923A0E /* GameKit.framework in Frameworks */ = {isa = PBXBuildFile; fileRef = 6FF267F715A50E1300923A0E /* GameKit.framework */; };
		6FF267FE15A50E1300923A0E /* fps_images.png in Resources */ = {isa = PBXBuildFile; fileRef = 6FF267FD15A50E1300923A0E /* fps_images.png */; };
		6FF2680015A50E1300923A0E /* fps_images-hd.png in Resources */ = {isa = PBXBuildFile; fileRef = 6FF267FF15A50E1300923A0E /* fps_images-hd.png */; };
		6FF2680215A50E1300923A0E /* fps_images-ipadhd.png in Resources */ = {isa = PBXBuildFile; fileRef = 6FF2680115A50E1300923A0E /* fps_images-ipadhd.png */; };
		6FF2696E15A50E1500923A0E /* main.m in Sources */ = {isa = PBXBuildFile; fileRef = 6FF2696D15A50E1500923A0E /* main.m */; };
		6FF2697115A50E1500923A0E /* AppDelegate.m in Sources */ = {isa = PBXBuildFile; fileRef = 6FF2697015A50E1500923A0E /* AppDelegate.m */; };
		77922293EF474EF2B3535449 /* libPods.a in Frameworks */ = {isa = PBXBuildFile; fileRef = E5AF303FF41A4AC49663EB1C /* libPods.a */; };
/* End PBXBuildFile section */

/* Begin PBXFileReference section */
		15E50DBF15AD4AAB0076918A /* DomoAregato.ttf */ = {isa = PBXFileReference; lastKnownFileType = file; path = DomoAregato.ttf; sourceTree = "<group>"; };
		6F052DDB15B1D75A0012C456 /* Firework.plist */ = {isa = PBXFileReference; fileEncoding = 4; lastKnownFileType = text.plist.xml; path = Firework.plist; sourceTree = "<group>"; };
		6F052DDC15B1D75A0012C456 /* Firework.png */ = {isa = PBXFileReference; lastKnownFileType = image.png; path = Firework.png; sourceTree = "<group>"; };
		6F0E1B3D15AA945200F23670 /* GameOver.h */ = {isa = PBXFileReference; fileEncoding = 4; lastKnownFileType = sourcecode.c.h; lineEnding = 0; path = GameOver.h; sourceTree = "<group>"; xcLanguageSpecificationIdentifier = xcode.lang.objcpp; };
		6F0E1B3E15AA945200F23670 /* GameOver.m */ = {isa = PBXFileReference; fileEncoding = 4; lastKnownFileType = sourcecode.c.objc; lineEnding = 0; path = GameOver.m; sourceTree = "<group>"; xcLanguageSpecificationIdentifier = xcode.lang.objc; };
		6F10249E17585DB000E5AF26 /* LargeElements-hd.plist */ = {isa = PBXFileReference; fileEncoding = 4; lastKnownFileType = text.plist.xml; name = "LargeElements-hd.plist"; path = "Resources/LargeElements-hd.plist"; sourceTree = "<group>"; };
		6F10249F17585DB000E5AF26 /* LargeElements-hd.png */ = {isa = PBXFileReference; lastKnownFileType = image.png; name = "LargeElements-hd.png"; path = "Resources/LargeElements-hd.png"; sourceTree = "<group>"; };
		6F1024A017585DB000E5AF26 /* LargeElements.plist */ = {isa = PBXFileReference; fileEncoding = 4; lastKnownFileType = text.plist.xml; name = LargeElements.plist; path = Resources/LargeElements.plist; sourceTree = "<group>"; };
		6F1024A117585DB000E5AF26 /* LargeElements.png */ = {isa = PBXFileReference; lastKnownFileType = image.png; name = LargeElements.png; path = Resources/LargeElements.png; sourceTree = "<group>"; };
		6F2CA7681759BA30008513E0 /* Default@2x.png */ = {isa = PBXFileReference; lastKnownFileType = image.png; name = "Default@2x.png"; path = "../Default@2x.png"; sourceTree = "<group>"; };
		6F38FC30175297AF00772DC5 /* Fireworks-hd.plist */ = {isa = PBXFileReference; fileEncoding = 4; lastKnownFileType = text.plist.xml; path = "Fireworks-hd.plist"; sourceTree = "<group>"; };
		6F38FC31175297AF00772DC5 /* Fireworks-hd.png */ = {isa = PBXFileReference; lastKnownFileType = image.png; path = "Fireworks-hd.png"; sourceTree = "<group>"; };
		6F38FC34175297D400772DC5 /* Ninja-hd.plist */ = {isa = PBXFileReference; fileEncoding = 4; lastKnownFileType = text.plist.xml; path = "Ninja-hd.plist"; sourceTree = "<group>"; };
		6F38FC35175297D500772DC5 /* Ninja-hd.png */ = {isa = PBXFileReference; lastKnownFileType = image.png; path = "Ninja-hd.png"; sourceTree = "<group>"; };
		6F38FC3C1752A61200772DC5 /* Menu.h */ = {isa = PBXFileReference; fileEncoding = 4; lastKnownFileType = sourcecode.c.h; lineEnding = 0; path = Menu.h; sourceTree = "<group>"; xcLanguageSpecificationIdentifier = xcode.lang.objcpp; };
		6F38FC3D1752A61300772DC5 /* Menu.m */ = {isa = PBXFileReference; fileEncoding = 4; lastKnownFileType = sourcecode.c.objc; lineEnding = 0; path = Menu.m; sourceTree = "<group>"; xcLanguageSpecificationIdentifier = xcode.lang.objc; };
		6F4B149615B1CF7F0088ADFE /* Default.png */ = {isa = PBXFileReference; lastKnownFileType = image.png; path = Default.png; sourceTree = "<group>"; };
		6F62BBDB175E930E0093BA19 /* Instructions.h */ = {isa = PBXFileReference; fileEncoding = 4; lastKnownFileType = sourcecode.c.h; path = Instructions.h; sourceTree = "<group>"; };
		6F62BBDC175E930E0093BA19 /* Instructions.m */ = {isa = PBXFileReference; fileEncoding = 4; lastKnownFileType = sourcecode.c.objc; path = Instructions.m; sourceTree = "<group>"; };
		6F62BBDE175E94670093BA19 /* Instructions.mp3 */ = {isa = PBXFileReference; lastKnownFileType = audio.mp3; path = Instructions.mp3; sourceTree = "<group>"; };
		6F62BBE1176058100093BA19 /* APIKeys.h */ = {isa = PBXFileReference; lastKnownFileType = sourcecode.c.h; path = APIKeys.h; sourceTree = "<group>"; };
		6F62BBE217605BD00093BA19 /* iTunesArtwork */ = {isa = PBXFileReference; lastKnownFileType = file; path = iTunesArtwork; sourceTree = "<group>"; };
		6F8CA233174FF640006D9CF7 /* Default-568h@2x.png */ = {isa = PBXFileReference; lastKnownFileType = image.png; path = "Default-568h@2x.png"; sourceTree = "<group>"; };
		6F8CA239175009EC006D9CF7 /* Epic.mp3 */ = {isa = PBXFileReference; lastKnownFileType = audio.mp3; path = Epic.mp3; sourceTree = "<group>"; };
		6F8CA23B17501652006D9CF7 /* HighscoreMusic.wav */ = {isa = PBXFileReference; lastKnownFileType = audio.wav; path = HighscoreMusic.wav; sourceTree = "<group>"; };
		6FAE2FB817570F880065F1D9 /* Wood.plist */ = {isa = PBXFileReference; fileEncoding = 4; lastKnownFileType = text.plist.xml; path = Wood.plist; sourceTree = "<group>"; };
		6FAE2FBA17571B080065F1D9 /* Icon@2x.png */ = {isa = PBXFileReference; lastKnownFileType = image.png; name = "Icon@2x.png"; path = "../Icon@2x.png"; sourceTree = "<group>"; };
		6FAE2FBC17571B0B0065F1D9 /* Icon.png */ = {isa = PBXFileReference; lastKnownFileType = image.png; name = Icon.png; path = ../Icon.png; sourceTree = "<group>"; };
		6FAE2FBF17583D1E0065F1D9 /* GameCenter.h */ = {isa = PBXFileReference; fileEncoding = 4; lastKnownFileType = sourcecode.c.h; path = GameCenter.h; sourceTree = "<group>"; };
		6FAE2FC017583D1E0065F1D9 /* GameCenter.m */ = {isa = PBXFileReference; fileEncoding = 4; lastKnownFileType = sourcecode.c.objc; path = GameCenter.m; sourceTree = "<group>"; };
		6FB58E2615A8A97A0017825F /* GameLayer.h */ = {isa = PBXFileReference; fileEncoding = 4; lastKnownFileType = sourcecode.c.h; lineEnding = 0; path = GameLayer.h; sourceTree = "<group>"; xcLanguageSpecificationIdentifier = xcode.lang.objcpp; };
		6FB58E2715A8A97A0017825F /* GameLayer.m */ = {isa = PBXFileReference; fileEncoding = 4; lastKnownFileType = sourcecode.c.objc; lineEnding = 0; path = GameLayer.m; sourceTree = "<group>"; xcLanguageSpecificationIdentifier = xcode.lang.objc; };
		6FB58E2A15A8A9890017825F /* Ninja.h */ = {isa = PBXFileReference; fileEncoding = 4; lastKnownFileType = sourcecode.c.h; lineEnding = 0; path = Ninja.h; sourceTree = "<group>"; xcLanguageSpecificationIdentifier = xcode.lang.objcpp; };
		6FB58E2B15A8A9890017825F /* Ninja.m */ = {isa = PBXFileReference; fileEncoding = 4; lastKnownFileType = sourcecode.c.objc; lineEnding = 0; path = Ninja.m; sourceTree = "<group>"; xcLanguageSpecificationIdentifier = xcode.lang.objc; };
		6FB58E2D15A8A9900017825F /* Firework.h */ = {isa = PBXFileReference; fileEncoding = 4; lastKnownFileType = sourcecode.c.h; lineEnding = 0; path = Firework.h; sourceTree = "<group>"; xcLanguageSpecificationIdentifier = xcode.lang.objcpp; };
		6FB58E2E15A8A9900017825F /* Firework.m */ = {isa = PBXFileReference; fileEncoding = 4; lastKnownFileType = sourcecode.c.objc; lineEnding = 0; path = Firework.m; sourceTree = "<group>"; xcLanguageSpecificationIdentifier = xcode.lang.objc; };
		6FB58E3C15A8AA9D0017825F /* Ninja.plist */ = {isa = PBXFileReference; fileEncoding = 4; lastKnownFileType = text.plist.xml; path = Ninja.plist; sourceTree = "<group>"; };
		6FB58E3D15A8AA9D0017825F /* Ninja.png */ = {isa = PBXFileReference; lastKnownFileType = image.png; path = Ninja.png; sourceTree = "<group>"; };
		6FEF0DD517555EE200DDD0B6 /* Menu.mp3 */ = {isa = PBXFileReference; lastKnownFileType = audio.mp3; path = Menu.mp3; sourceTree = "<group>"; };
		6FEF0DD7175562F800DDD0B6 /* Elements.png */ = {isa = PBXFileReference; lastKnownFileType = image.png; name = Elements.png; path = Resources/Elements.png; sourceTree = "<group>"; };
		6FEF0DD9175562FE00DDD0B6 /* Elements.plist */ = {isa = PBXFileReference; fileEncoding = 4; lastKnownFileType = text.plist.xml; name = Elements.plist; path = Resources/Elements.plist; sourceTree = "<group>"; };
		6FEF0DDB175563FF00DDD0B6 /* Elements-hd.plist */ = {isa = PBXFileReference; fileEncoding = 4; lastKnownFileType = text.plist.xml; name = "Elements-hd.plist"; path = "Resources/Elements-hd.plist"; sourceTree = "<group>"; };
		6FEF0DDC175563FF00DDD0B6 /* Elements-hd.png */ = {isa = PBXFileReference; lastKnownFileType = image.png; name = "Elements-hd.png"; path = "Resources/Elements-hd.png"; sourceTree = "<group>"; };
		6FF267E315A50E1300923A0E /* Click Ninja.app */ = {isa = PBXFileReference; explicitFileType = wrapper.application; includeInIndex = 0; path = "Click Ninja.app"; sourceTree = BUILT_PRODUCTS_DIR; };
		6FF267E715A50E1300923A0E /* QuartzCore.framework */ = {isa = PBXFileReference; lastKnownFileType = wrapper.framework; name = QuartzCore.framework; path = System/Library/Frameworks/QuartzCore.framework; sourceTree = SDKROOT; };
		6FF267E915A50E1300923A0E /* OpenGLES.framework */ = {isa = PBXFileReference; lastKnownFileType = wrapper.framework; name = OpenGLES.framework; path = System/Library/Frameworks/OpenGLES.framework; sourceTree = SDKROOT; };
		6FF267EB15A50E1300923A0E /* OpenAL.framework */ = {isa = PBXFileReference; lastKnownFileType = wrapper.framework; name = OpenAL.framework; path = System/Library/Frameworks/OpenAL.framework; sourceTree = SDKROOT; };
		6FF267ED15A50E1300923A0E /* AudioToolbox.framework */ = {isa = PBXFileReference; lastKnownFileType = wrapper.framework; name = AudioToolbox.framework; path = System/Library/Frameworks/AudioToolbox.framework; sourceTree = SDKROOT; };
		6FF267EF15A50E1300923A0E /* AVFoundation.framework */ = {isa = PBXFileReference; lastKnownFileType = wrapper.framework; name = AVFoundation.framework; path = System/Library/Frameworks/AVFoundation.framework; sourceTree = SDKROOT; };
		6FF267F115A50E1300923A0E /* UIKit.framework */ = {isa = PBXFileReference; lastKnownFileType = wrapper.framework; name = UIKit.framework; path = System/Library/Frameworks/UIKit.framework; sourceTree = SDKROOT; };
		6FF267F315A50E1300923A0E /* Foundation.framework */ = {isa = PBXFileReference; lastKnownFileType = wrapper.framework; name = Foundation.framework; path = System/Library/Frameworks/Foundation.framework; sourceTree = SDKROOT; };
		6FF267F515A50E1300923A0E /* CoreGraphics.framework */ = {isa = PBXFileReference; lastKnownFileType = wrapper.framework; name = CoreGraphics.framework; path = System/Library/Frameworks/CoreGraphics.framework; sourceTree = SDKROOT; };
		6FF267F715A50E1300923A0E /* GameKit.framework */ = {isa = PBXFileReference; lastKnownFileType = wrapper.framework; name = GameKit.framework; path = System/Library/Frameworks/GameKit.framework; sourceTree = SDKROOT; };
		6FF267FD15A50E1300923A0E /* fps_images.png */ = {isa = PBXFileReference; lastKnownFileType = image.png; name = fps_images.png; path = Resources/fps_images.png; sourceTree = "<group>"; };
		6FF267FF15A50E1300923A0E /* fps_images-hd.png */ = {isa = PBXFileReference; lastKnownFileType = image.png; name = "fps_images-hd.png"; path = "Resources/fps_images-hd.png"; sourceTree = "<group>"; };
		6FF2680115A50E1300923A0E /* fps_images-ipadhd.png */ = {isa = PBXFileReference; lastKnownFileType = image.png; name = "fps_images-ipadhd.png"; path = "Resources/fps_images-ipadhd.png"; sourceTree = "<group>"; };
		6FF2680F15A50E1300923A0E /* Info.plist */ = {isa = PBXFileReference; lastKnownFileType = text.plist.xml; name = Info.plist; path = Resources/Info.plist; sourceTree = "<group>"; };
		6FF2696C15A50E1500923A0E /* Prefix.pch */ = {isa = PBXFileReference; lastKnownFileType = sourcecode.c.h; path = Prefix.pch; sourceTree = "<group>"; };
		6FF2696D15A50E1500923A0E /* main.m */ = {isa = PBXFileReference; lastKnownFileType = sourcecode.c.objc; lineEnding = 0; path = main.m; sourceTree = "<group>"; xcLanguageSpecificationIdentifier = xcode.lang.objc; };
		6FF2696F15A50E1500923A0E /* AppDelegate.h */ = {isa = PBXFileReference; lastKnownFileType = sourcecode.c.h; lineEnding = 0; path = AppDelegate.h; sourceTree = "<group>"; xcLanguageSpecificationIdentifier = xcode.lang.objcpp; };
		6FF2697015A50E1500923A0E /* AppDelegate.m */ = {isa = PBXFileReference; lastKnownFileType = sourcecode.c.objc; lineEnding = 0; path = AppDelegate.m; sourceTree = "<group>"; xcLanguageSpecificationIdentifier = xcode.lang.objc; };
		864D31E1C2AC4B91A43F718D /* Pods.xcconfig */ = {isa = PBXFileReference; includeInIndex = 1; lastKnownFileType = text.xcconfig; name = Pods.xcconfig; path = Pods/Pods.xcconfig; sourceTree = SOURCE_ROOT; };
		E5AF303FF41A4AC49663EB1C /* libPods.a */ = {isa = PBXFileReference; explicitFileType = archive.ar; includeInIndex = 0; path = libPods.a; sourceTree = BUILT_PRODUCTS_DIR; };
/* End PBXFileReference section */

/* Begin PBXFrameworksBuildPhase section */
		6FF267E015A50E1300923A0E /* Frameworks */ = {
			isa = PBXFrameworksBuildPhase;
			buildActionMask = 2147483647;
			files = (
				6FF267E815A50E1300923A0E /* QuartzCore.framework in Frameworks */,
				6FF267EA15A50E1300923A0E /* OpenGLES.framework in Frameworks */,
				6FF267EC15A50E1300923A0E /* OpenAL.framework in Frameworks */,
				6FF267EE15A50E1300923A0E /* AudioToolbox.framework in Frameworks */,
				6FF267F015A50E1300923A0E /* AVFoundation.framework in Frameworks */,
				6FF267F215A50E1300923A0E /* UIKit.framework in Frameworks */,
				6FF267F415A50E1300923A0E /* Foundation.framework in Frameworks */,
				6FF267F615A50E1300923A0E /* CoreGraphics.framework in Frameworks */,
				6FF267F815A50E1300923A0E /* GameKit.framework in Frameworks */,
				77922293EF474EF2B3535449 /* libPods.a in Frameworks */,
			);
			runOnlyForDeploymentPostprocessing = 0;
		};
/* End PBXFrameworksBuildPhase section */

/* Begin PBXGroup section */
		6FF267D815A50E1300923A0E = {
			isa = PBXGroup;
			children = (
				6FF267F915A50E1300923A0E /* Click Ninja */,
				6FF267E615A50E1300923A0E /* Frameworks */,
				6FF267E415A50E1300923A0E /* Products */,
				864D31E1C2AC4B91A43F718D /* Pods.xcconfig */,
			);
			sourceTree = "<group>";
		};
		6FF267E415A50E1300923A0E /* Products */ = {
			isa = PBXGroup;
			children = (
				6FF267E315A50E1300923A0E /* Click Ninja.app */,
			);
			name = Products;
			sourceTree = "<group>";
		};
		6FF267E615A50E1300923A0E /* Frameworks */ = {
			isa = PBXGroup;
			children = (
				6FF267E715A50E1300923A0E /* QuartzCore.framework */,
				6FF267E915A50E1300923A0E /* OpenGLES.framework */,
				6FF267EB15A50E1300923A0E /* OpenAL.framework */,
				6FF267ED15A50E1300923A0E /* AudioToolbox.framework */,
				6FF267EF15A50E1300923A0E /* AVFoundation.framework */,
				6FF267F115A50E1300923A0E /* UIKit.framework */,
				6FF267F315A50E1300923A0E /* Foundation.framework */,
				6FF267F515A50E1300923A0E /* CoreGraphics.framework */,
				6FF267F715A50E1300923A0E /* GameKit.framework */,
				E5AF303FF41A4AC49663EB1C /* libPods.a */,
			);
			name = Frameworks;
			sourceTree = "<group>";
		};
		6FF267F915A50E1300923A0E /* Click Ninja */ = {
			isa = PBXGroup;
			children = (
				6FAE2FBF17583D1E0065F1D9 /* GameCenter.h */,
				6FAE2FC017583D1E0065F1D9 /* GameCenter.m */,
				6F62BBE1176058100093BA19 /* APIKeys.h */,
				6FF2696F15A50E1500923A0E /* AppDelegate.h */,
				6FF2697015A50E1500923A0E /* AppDelegate.m */,
				6F38FC3C1752A61200772DC5 /* Menu.h */,
				6F38FC3D1752A61300772DC5 /* Menu.m */,
				6F62BBDB175E930E0093BA19 /* Instructions.h */,
				6F62BBDC175E930E0093BA19 /* Instructions.m */,
				6FB58E2615A8A97A0017825F /* GameLayer.h */,
				6FB58E2715A8A97A0017825F /* GameLayer.m */,
				6F0E1B3D15AA945200F23670 /* GameOver.h */,
				6F0E1B3E15AA945200F23670 /* GameOver.m */,
				6FB58E2A15A8A9890017825F /* Ninja.h */,
				6FB58E2B15A8A9890017825F /* Ninja.m */,
				6FB58E2D15A8A9900017825F /* Firework.h */,
				6FB58E2E15A8A9900017825F /* Firework.m */,
				6FF267FA15A50E1300923A0E /* Resources */,
				6FF2696B15A50E1500923A0E /* Supporting Files */,
			);
			path = "Click Ninja";
			sourceTree = "<group>";
		};
		6FF267FA15A50E1300923A0E /* Resources */ = {
			isa = PBXGroup;
			children = (
				6F052DDB15B1D75A0012C456 /* Firework.plist */,
				6F052DDC15B1D75A0012C456 /* Firework.png */,
				6F38FC30175297AF00772DC5 /* Fireworks-hd.plist */,
				6F38FC31175297AF00772DC5 /* Fireworks-hd.png */,
				6FB58E3C15A8AA9D0017825F /* Ninja.plist */,
				6FB58E3D15A8AA9D0017825F /* Ninja.png */,
				6F38FC34175297D400772DC5 /* Ninja-hd.plist */,
				6F38FC35175297D500772DC5 /* Ninja-hd.png */,
				6FEF0DD9175562FE00DDD0B6 /* Elements.plist */,
				6FEF0DD7175562F800DDD0B6 /* Elements.png */,
				6FEF0DDB175563FF00DDD0B6 /* Elements-hd.plist */,
				6FEF0DDC175563FF00DDD0B6 /* Elements-hd.png */,
				6F10249E17585DB000E5AF26 /* LargeElements-hd.plist */,
				6F10249F17585DB000E5AF26 /* LargeElements-hd.png */,
				6F1024A017585DB000E5AF26 /* LargeElements.plist */,
				6F1024A117585DB000E5AF26 /* LargeElements.png */,
				6F4B149615B1CF7F0088ADFE /* Default.png */,
				6F2CA7681759BA30008513E0 /* Default@2x.png */,
				6F8CA233174FF640006D9CF7 /* Default-568h@2x.png */,
				6FAE2FBC17571B0B0065F1D9 /* Icon.png */,
				6FAE2FBA17571B080065F1D9 /* Icon@2x.png */,
				6FEF0DD517555EE200DDD0B6 /* Menu.mp3 */,
				6F62BBDE175E94670093BA19 /* Instructions.mp3 */,
				6F8CA23B17501652006D9CF7 /* HighscoreMusic.wav */,
				6F8CA239175009EC006D9CF7 /* Epic.mp3 */,
				6FAE2FB817570F880065F1D9 /* Wood.plist */,
				15E50DBF15AD4AAB0076918A /* DomoAregato.ttf */,
				6FF267FD15A50E1300923A0E /* fps_images.png */,
				6FF267FF15A50E1300923A0E /* fps_images-hd.png */,
				6FF2680115A50E1300923A0E /* fps_images-ipadhd.png */,
				6FF2680F15A50E1300923A0E /* Info.plist */,
				6F62BBE217605BD00093BA19 /* iTunesArtwork */,
			);
			name = Resources;
			sourceTree = "<group>";
		};
		6FF2696B15A50E1500923A0E /* Supporting Files */ = {
			isa = PBXGroup;
			children = (
				6FF2696C15A50E1500923A0E /* Prefix.pch */,
				6FF2696D15A50E1500923A0E /* main.m */,
			);
			name = "Supporting Files";
			sourceTree = "<group>";
		};
/* End PBXGroup section */

/* Begin PBXNativeTarget section */
		6FF267E215A50E1300923A0E /* Click Ninja */ = {
			isa = PBXNativeTarget;
			buildConfigurationList = 6FF2697715A50E1500923A0E /* Build configuration list for PBXNativeTarget "Click Ninja" */;
			buildPhases = (
				F9CBBF9DD5FC47E488336059 /* Check Pods Manifest.lock */,
				6FF267DF15A50E1300923A0E /* Sources */,
				6FF267E015A50E1300923A0E /* Frameworks */,
				6FF267E115A50E1300923A0E /* Resources */,
				DD087E61A86A477295FE8D8E /* Copy Pods Resources */,
			);
			buildRules = (
			);
			dependencies = (
			);
			name = "Click Ninja";
			productName = "Click Ninja";
			productReference = 6FF267E315A50E1300923A0E /* Click Ninja.app */;
			productType = "com.apple.product-type.application";
		};
/* End PBXNativeTarget section */

/* Begin PBXProject section */
		6FF267DA15A50E1300923A0E /* Project object */ = {
			isa = PBXProject;
			attributes = {
				LastUpgradeCheck = 0460;
			};
			buildConfigurationList = 6FF267DD15A50E1300923A0E /* Build configuration list for PBXProject "Click Ninja" */;
			compatibilityVersion = "Xcode 3.2";
			developmentRegion = English;
			hasScannedForEncodings = 0;
			knownRegions = (
				en,
			);
			mainGroup = 6FF267D815A50E1300923A0E;
			productRefGroup = 6FF267E415A50E1300923A0E /* Products */;
			projectDirPath = "";
			projectRoot = "";
			targets = (
				6FF267E215A50E1300923A0E /* Click Ninja */,
			);
		};
/* End PBXProject section */

/* Begin PBXResourcesBuildPhase section */
		6FF267E115A50E1300923A0E /* Resources */ = {
			isa = PBXResourcesBuildPhase;
			buildActionMask = 2147483647;
			files = (
				6FF267FE15A50E1300923A0E /* fps_images.png in Resources */,
				6FF2680015A50E1300923A0E /* fps_images-hd.png in Resources */,
				6FF2680215A50E1300923A0E /* fps_images-ipadhd.png in Resources */,
				6FB58E3E15A8AA9D0017825F /* Ninja.plist in Resources */,
				6FB58E3F15A8AA9D0017825F /* Ninja.png in Resources */,
				15E50DC015AD4AAB0076918A /* DomoAregato.ttf in Resources */,
				6F4B149715B1CF7F0088ADFE /* Default.png in Resources */,
				6F052DDD15B1D75A0012C456 /* Firework.plist in Resources */,
				6F052DDE15B1D75A0012C456 /* Firework.png in Resources */,
				6F8CA234174FF640006D9CF7 /* Default-568h@2x.png in Resources */,
				6F8CA23A175009EC006D9CF7 /* Epic.mp3 in Resources */,
				6F8CA23C17501653006D9CF7 /* HighscoreMusic.wav in Resources */,
				6F38FC32175297B000772DC5 /* Fireworks-hd.plist in Resources */,
				6F38FC33175297B000772DC5 /* Fireworks-hd.png in Resources */,
				6F38FC36175297D500772DC5 /* Ninja-hd.plist in Resources */,
				6F38FC37175297D500772DC5 /* Ninja-hd.png in Resources */,
				6FEF0DD617555EE200DDD0B6 /* Menu.mp3 in Resources */,
				6FEF0DD8175562F900DDD0B6 /* Elements.png in Resources */,
				6FEF0DDA175562FE00DDD0B6 /* Elements.plist in Resources */,
				6FEF0DDD175563FF00DDD0B6 /* Elements-hd.plist in Resources */,
				6FEF0DDE175563FF00DDD0B6 /* Elements-hd.png in Resources */,
				6FAE2FB917570F880065F1D9 /* Wood.plist in Resources */,
				6FAE2FBB17571B090065F1D9 /* Icon@2x.png in Resources */,
				6FAE2FBD17571B0C0065F1D9 /* Icon.png in Resources */,
				6F1024A217585DB000E5AF26 /* LargeElements-hd.plist in Resources */,
				6F1024A317585DB000E5AF26 /* LargeElements-hd.png in Resources */,
				6F1024A417585DB000E5AF26 /* LargeElements.plist in Resources */,
				6F1024A517585DB000E5AF26 /* LargeElements.png in Resources */,
				6F2CA7691759BA30008513E0 /* Default@2x.png in Resources */,
				6F62BBDF175E94670093BA19 /* Instructions.mp3 in Resources */,
				6F62BBE317605BD10093BA19 /* iTunesArtwork in Resources */,
			);
			runOnlyForDeploymentPostprocessing = 0;
		};
/* End PBXResourcesBuildPhase section */

/* Begin PBXShellScriptBuildPhase section */
		DD087E61A86A477295FE8D8E /* Copy Pods Resources */ = {
			isa = PBXShellScriptBuildPhase;
			buildActionMask = 2147483647;
			files = (
			);
			inputPaths = (
			);
			name = "Copy Pods Resources";
			outputPaths = (
			);
			runOnlyForDeploymentPostprocessing = 0;
			shellPath = /bin/sh;
			shellScript = "\"${SRCROOT}/Pods/Pods-resources.sh\"\n";
		};
		F9CBBF9DD5FC47E488336059 /* Check Pods Manifest.lock */ = {
			isa = PBXShellScriptBuildPhase;
			buildActionMask = 2147483647;
			files = (
			);
			inputPaths = (
			);
			name = "Check Pods Manifest.lock";
			outputPaths = (
			);
			runOnlyForDeploymentPostprocessing = 0;
			shellPath = /bin/sh;
			shellScript = "diff \"${PODS_ROOT}/../Podfile.lock\" \"${PODS_ROOT}/Manifest.lock\" > /dev/null\nif [[ $? != 0 ]] ; then\n    cat << EOM\nerror: The sandbox is not in sync with the Podfile.lock. Run 'pod install' or update your CocoaPods installation.\nEOM\n    exit 1\nfi\n";
		};
/* End PBXShellScriptBuildPhase section */

/* Begin PBXSourcesBuildPhase section */
		6FF267DF15A50E1300923A0E /* Sources */ = {
			isa = PBXSourcesBuildPhase;
			buildActionMask = 2147483647;
			files = (
				6FF2696E15A50E1500923A0E /* main.m in Sources */,
				6FF2697115A50E1500923A0E /* AppDelegate.m in Sources */,
				6FB58E2815A8A97A0017825F /* GameLayer.m in Sources */,
				6FB58E2C15A8A9890017825F /* Ninja.m in Sources */,
				6FB58E2F15A8A9900017825F /* Firework.m in Sources */,
				6F0E1B3F15AA945200F23670 /* GameOver.m in Sources */,
				6F38FC3E1752A61300772DC5 /* Menu.m in Sources */,
				6FAE2FC117583D1F0065F1D9 /* GameCenter.m in Sources */,
				6F62BBDD175E930E0093BA19 /* Instructions.m in Sources */,
			);
			runOnlyForDeploymentPostprocessing = 0;
		};
/* End PBXSourcesBuildPhase section */

/* Begin XCBuildConfiguration section */
		6FF2697515A50E1500923A0E /* Debug */ = {
			isa = XCBuildConfiguration;
			buildSettings = {
				ALWAYS_SEARCH_USER_PATHS = "$(inherited)";
				ARCHS = "$(ARCHS_STANDARD_32_BIT)";
				CLANG_WARN_CONSTANT_CONVERSION = YES;
				CLANG_WARN_ENUM_CONVERSION = YES;
				CLANG_WARN_INT_CONVERSION = YES;
				CLANG_WARN__DUPLICATE_METHOD_MATCH = YES;
				"CODE_SIGN_IDENTITY[sdk=iphoneos*]" = "iPhone Developer";
				GCC_C_LANGUAGE_STANDARD = gnu99;
				GCC_OPTIMIZATION_LEVEL = 0;
				GCC_PREPROCESSOR_DEFINITIONS = (
					DEBUG,
					"COCOS2D_DEBUG=1",
				);
				GCC_SYMBOLS_PRIVATE_EXTERN = NO;
				GCC_VERSION = com.apple.compilers.llvm.clang.1_0;
				GCC_WARN_ABOUT_RETURN_TYPE = YES;
				GCC_WARN_UNINITIALIZED_AUTOS = YES;
				GCC_WARN_UNUSED_VARIABLE = YES;
				IPHONEOS_DEPLOYMENT_TARGET = 4.0;
				OTHER_LDFLAGS = "$(inherited)";
				SDKROOT = iphoneos;
				TARGETED_DEVICE_FAMILY = "1,2";
			};
			name = Debug;
		};
		6FF2697615A50E1500923A0E /* Release */ = {
			isa = XCBuildConfiguration;
			buildSettings = {
				ALWAYS_SEARCH_USER_PATHS = "$(inherited)";
				ARCHS = "$(ARCHS_STANDARD_32_BIT)";
				CLANG_WARN_CONSTANT_CONVERSION = YES;
				CLANG_WARN_ENUM_CONVERSION = YES;
				CLANG_WARN_INT_CONVERSION = YES;
				CLANG_WARN__DUPLICATE_METHOD_MATCH = YES;
				"CODE_SIGN_IDENTITY[sdk=iphoneos*]" = "iPhone Developer";
				GCC_C_LANGUAGE_STANDARD = gnu99;
				GCC_PREPROCESSOR_DEFINITIONS = (
					NDEBUG,
					"NS_BLOCK_ASSERTIONS=1",
				);
				GCC_VERSION = com.apple.compilers.llvm.clang.1_0;
				GCC_WARN_ABOUT_RETURN_TYPE = YES;
				GCC_WARN_UNINITIALIZED_AUTOS = YES;
				GCC_WARN_UNUSED_VARIABLE = YES;
				IPHONEOS_DEPLOYMENT_TARGET = 4.0;
				OTHER_LDFLAGS = "$(inherited)";
				SDKROOT = iphoneos;
				TARGETED_DEVICE_FAMILY = "1,2";
			};
			name = Release;
		};
		6FF2697815A50E1500923A0E /* Debug */ = {
			isa = XCBuildConfiguration;
			baseConfigurationReference = 864D31E1C2AC4B91A43F718D /* Pods.xcconfig */;
			buildSettings = {
				ALWAYS_SEARCH_USER_PATHS = "$(inherited)";
				CLANG_ENABLE_OBJC_ARC = YES;
				COPY_PHASE_STRIP = NO;
				GCC_DYNAMIC_NO_PIC = NO;
				GCC_PRECOMPILE_PREFIX_HEADER = YES;
				GCC_PREFIX_HEADER = "Click Ninja/Prefix.pch";
				HEADER_SEARCH_PATHS = "$(inherited)/**";
				INFOPLIST_FILE = "Click Ninja/Resources/Info.plist";
				IPHONEOS_DEPLOYMENT_TARGET = 6.0;
				OTHER_LDFLAGS = "$(inherited)";
				PRODUCT_NAME = "$(TARGET_NAME)";
				TARGETED_DEVICE_FAMILY = 1;
				WRAPPER_EXTENSION = app;
			};
			name = Debug;
		};
		6FF2697915A50E1500923A0E /* Release */ = {
			isa = XCBuildConfiguration;
			baseConfigurationReference = 864D31E1C2AC4B91A43F718D /* Pods.xcconfig */;
			buildSettings = {
				ALWAYS_SEARCH_USER_PATHS = "$(inherited)";
				CLANG_ENABLE_OBJC_ARC = YES;
				COPY_PHASE_STRIP = YES;
				GCC_PRECOMPILE_PREFIX_HEADER = YES;
				GCC_PREFIX_HEADER = "Click Ninja/Prefix.pch";
				HEADER_SEARCH_PATHS = "$(inherited)/**";
				INFOPLIST_FILE = "Click Ninja/Resources/Info.plist";
				IPHONEOS_DEPLOYMENT_TARGET = 6.0;
				OTHER_LDFLAGS = "$(inherited)";
				PRODUCT_NAME = "$(TARGET_NAME)";
				TARGETED_DEVICE_FAMILY = 1;
				VALIDATE_PRODUCT = YES;
				WRAPPER_EXTENSION = app;
			};
			name = Release;
		};
/* End XCBuildConfiguration section */

/* Begin XCConfigurationList section */
		6FF267DD15A50E1300923A0E /* Build configuration list for PBXProject "Click Ninja" */ = {
			isa = XCConfigurationList;
			buildConfigurations = (
				6FF2697515A50E1500923A0E /* Debug */,
				6FF2697615A50E1500923A0E /* Release */,
			);
			defaultConfigurationIsVisible = 0;
			defaultConfigurationName = Release;
		};
		6FF2697715A50E1500923A0E /* Build configuration list for PBXNativeTarget "Click Ninja" */ = {
			isa = XCConfigurationList;
			buildConfigurations = (
				6FF2697815A50E1500923A0E /* Debug */,
				6FF2697915A50E1500923A0E /* Release */,
			);
			defaultConfigurationIsVisible = 0;
			defaultConfigurationName = Release;
		};
/* End XCConfigurationList section */
	};
	rootObject = 6FF267DA15A50E1300923A0E /* Project object */;
}
